
Microsoft Visual Studio Solution File, Format Version 12.00
# Visual Studio 15
VisualStudioVersion = 15.0.28010.2041
MinimumVisualStudioVersion = 10.0.40219.1
Project("{9A19103F-16F7-4668-BE54-9A1E7A4F7556}") = "Core", "Core\Core.csproj", "{12D87753-13BD-45A7-80F7-68E406C067F5}"
EndProject
Project("{9A19103F-16F7-4668-BE54-9A1E7A4F7556}") = "EbookShop", "EbookShop\EbookShop.csproj", "{3A157DBE-CF6B-4915-AE21-E9DC698D3ABD}"
EndProject
Global
	GlobalSection(SolutionConfigurationPlatforms) = preSolution
		Debug|Any CPU = Debug|Any CPU
		Release|Any CPU = Release|Any CPU
	EndGlobalSection
	GlobalSection(ProjectConfigurationPlatforms) = postSolution
		{12D87753-13BD-45A7-80F7-68E406C067F5}.Debug|Any CPU.ActiveCfg = Debug|Any CPU
		{12D87753-13BD-45A7-80F7-68E406C067F5}.Debug|Any CPU.Build.0 = Debug|Any CPU
		{12D87753-13BD-45A7-80F7-68E406C067F5}.Release|Any CPU.ActiveCfg = Release|Any CPU
		{12D87753-13BD-45A7-80F7-68E406C067F5}.Release|Any CPU.Build.0 = Release|Any CPU
		{3A157DBE-CF6B-4915-AE21-E9DC698D3ABD}.Debug|Any CPU.ActiveCfg = Debug|Any CPU
		{3A157DBE-CF6B-4915-AE21-E9DC698D3ABD}.Debug|Any CPU.Build.0 = Debug|Any CPU
		{3A157DBE-CF6B-4915-AE21-E9DC698D3ABD}.Release|Any CPU.ActiveCfg = Release|Any CPU
		{3A157DBE-CF6B-4915-AE21-E9DC698D3ABD}.Release|Any CPU.Build.0 = Release|Any CPU
	EndGlobalSection
	GlobalSection(SolutionProperties) = preSolution
		HideSolutionNode = FALSE
	EndGlobalSection
	GlobalSection(ExtensibilityGlobals) = postSolution
		SolutionGuid = {331B2753-6B3D-47B7-8E42-24701B6436E2}
	EndGlobalSection
EndGlobal
